
Microsoft Visual Studio Solution File, Format Version 12.00
# Visual Studio Version 16
VisualStudioVersion = 16.0.29728.190
MinimumVisualStudioVersion = 10.0.40219.1
Project("{FAE04EC0-301F-11D3-BF4B-00C04F79EFBC}") = "QuiddlerLibrary", "QuiddlerLibrary\QuiddlerLibrary.csproj", "{FA1F606E-9CEF-4EEE-8C16-D957EEBBCC59}"
EndProject
Project("{FAE04EC0-301F-11D3-BF4B-00C04F79EFBC}") = "QuiddlerConsoleClient", "QuiddlerConsoleClient\QuiddlerConsoleClient.csproj", "{07651F5F-9095-4CE4-BF78-35CA6AEA24F9}"
EndProject
Global
	GlobalSection(SolutionConfigurationPlatforms) = preSolution
		Debug|Any CPU = Debug|Any CPU
		Release|Any CPU = Release|Any CPU
	EndGlobalSection
	GlobalSection(ProjectConfigurationPlatforms) = postSolution
		{FA1F606E-9CEF-4EEE-8C16-D957EEBBCC59}.Debug|Any CPU.ActiveCfg = Debug|Any CPU
		{FA1F606E-9CEF-4EEE-8C16-D957EEBBCC59}.Debug|Any CPU.Build.0 = Debug|Any CPU
		{FA1F606E-9CEF-4EEE-8C16-D957EEBBCC59}.Release|Any CPU.ActiveCfg = Release|Any CPU
		{FA1F606E-9CEF-4EEE-8C16-D957EEBBCC59}.Release|Any CPU.Build.0 = Release|Any CPU
		{07651F5F-9095-4CE4-BF78-35CA6AEA24F9}.Debug|Any CPU.ActiveCfg = Debug|Any CPU
		{07651F5F-9095-4CE4-BF78-35CA6AEA24F9}.Debug|Any CPU.Build.0 = Debug|Any CPU
		{07651F5F-9095-4CE4-BF78-35CA6AEA24F9}.Release|Any CPU.ActiveCfg = Release|Any CPU
		{07651F5F-9095-4CE4-BF78-35CA6AEA24F9}.Release|Any CPU.Build.0 = Release|Any CPU
	EndGlobalSection
	GlobalSection(SolutionProperties) = preSolution
		HideSolutionNode = FALSE
	EndGlobalSection
	GlobalSection(ExtensibilityGlobals) = postSolution
		SolutionGuid = {C37D87DE-1762-4D84-8E23-4FBA202D0099}
	EndGlobalSection
EndGlobal
